
Microsoft Visual Studio Solution File, Format Version 12.00
# Visual Studio Version 17
VisualStudioVersion = 17.1.32228.430
MinimumVisualStudioVersion = 10.0.40219.1
Project("{FAE04EC0-301F-11D3-BF4B-00C04F79EFBC}") = "ICCReservasServer", "ICCReservasServer\ICCReservasServer.csproj", "{854C021E-9AF2-4F75-B651-A5282A2B5214}"
EndProject
Global
	GlobalSection(SolutionConfigurationPlatforms) = preSolution
		Debug|Any CPU = Debug|Any CPU
		Release|Any CPU = Release|Any CPU
	EndGlobalSection
	GlobalSection(ProjectConfigurationPlatforms) = postSolution
		{854C021E-9AF2-4F75-B651-A5282A2B5214}.Debug|Any CPU.ActiveCfg = Debug|Any CPU
		{854C021E-9AF2-4F75-B651-A5282A2B5214}.Debug|Any CPU.Build.0 = Debug|Any CPU
		{854C021E-9AF2-4F75-B651-A5282A2B5214}.Release|Any CPU.ActiveCfg = Release|Any CPU
		{854C021E-9AF2-4F75-B651-A5282A2B5214}.Release|Any CPU.Build.0 = Release|Any CPU
	EndGlobalSection
	GlobalSection(SolutionProperties) = preSolution
		HideSolutionNode = FALSE
	EndGlobalSection
	GlobalSection(ExtensibilityGlobals) = postSolution
		SolutionGuid = {E646272F-6695-4D44-A024-CA4E503E2A7A}
	EndGlobalSection
EndGlobal
